
Microsoft Visual Studio Solution File, Format Version 12.00
# Visual Studio Version 17
VisualStudioVersion = 17.1.32210.238
MinimumVisualStudioVersion = 10.0.40219.1
Project("{F184B08F-C81C-45F6-A57F-5ABD9991F28F}") = "LabTriangulo", "LabTriangulo\LabTriangulo.vbproj", "{55DD8EC1-D54B-474B-BADD-DF2C67E861DC}"
EndProject
Global
	GlobalSection(SolutionConfigurationPlatforms) = preSolution
		Debug|Any CPU = Debug|Any CPU
		Release|Any CPU = Release|Any CPU
	EndGlobalSection
	GlobalSection(ProjectConfigurationPlatforms) = postSolution
		{55DD8EC1-D54B-474B-BADD-DF2C67E861DC}.Debug|Any CPU.ActiveCfg = Debug|Any CPU
		{55DD8EC1-D54B-474B-BADD-DF2C67E861DC}.Debug|Any CPU.Build.0 = Debug|Any CPU
		{55DD8EC1-D54B-474B-BADD-DF2C67E861DC}.Release|Any CPU.ActiveCfg = Release|Any CPU
		{55DD8EC1-D54B-474B-BADD-DF2C67E861DC}.Release|Any CPU.Build.0 = Release|Any CPU
	EndGlobalSection
	GlobalSection(SolutionProperties) = preSolution
		HideSolutionNode = FALSE
	EndGlobalSection
	GlobalSection(ExtensibilityGlobals) = postSolution
		SolutionGuid = {D8111887-4F28-4A0C-BEB2-1CA4AB12D181}
	EndGlobalSection
EndGlobal
